
Microsoft Visual Studio Solution File, Format Version 12.00
# Visual Studio Version 17
VisualStudioVersion = 17.5.33424.131
MinimumVisualStudioVersion = 10.0.40219.1
Project("{2150E333-8FDC-42A3-9474-1A3956D46DE8}") = "01 - SRP", "01 - SRP", "{1E1C30F1-3B24-4DDB-A996-44AA822880F2}"
EndProject
Project("{9A19103F-16F7-4668-BE54-9A1E7A4F7556}") = "Example.Study.Solid.SRP.Violacao", "Example.Study.Solid.SRP.Violacao\Example.Study.Solid.SRP.Violacao.csproj", "{C7E41096-E6BE-444C-BDF0-B03682430F17}"
EndProject
Project("{9A19103F-16F7-4668-BE54-9A1E7A4F7556}") = "Example.Study.Solid.SRP.Solucao", "Example.Study.Solid.SRP.Solucao\Example.Study.Solid.SRP.Solucao.csproj", "{3CEF7843-E5E6-411D-B4FD-2F9C7ABC569B}"
EndProject
Project("{2150E333-8FDC-42A3-9474-1A3956D46DE8}") = "02 - OCP", "02 - OCP", "{89DAB745-2B6D-4CC3-A5D4-300603FC0E94}"
EndProject
Project("{9A19103F-16F7-4668-BE54-9A1E7A4F7556}") = "Example.Study.Solid.OCP.Violacao", "Example.Study.Solid.OCP.Violacao\Example.Study.Solid.OCP.Violacao.csproj", "{578A4574-B8F8-477F-ACB3-DEC6C74FF9B4}"
EndProject
Project("{9A19103F-16F7-4668-BE54-9A1E7A4F7556}") = "Example.Study.Solid.OCP.Solucao", "Example.Study.Solid.OCP.Solucao\Example.Study.Solid.OCP.Solucao.csproj", "{3AB811C9-6A19-4BC5-A741-896E067218A5}"
EndProject
Project("{9A19103F-16F7-4668-BE54-9A1E7A4F7556}") = "Example.Study.Solid.OCP.Solucao.ExtensionMethods", "Example.Study.Solid.OCP.Solucao.ExtensionMethods\Example.Study.Solid.OCP.Solucao.ExtensionMethods.csproj", "{2C514288-0DE6-49D9-A145-94CAAA9AC732}"
EndProject
Project("{2150E333-8FDC-42A3-9474-1A3956D46DE8}") = "03 - LSP", "03 - LSP", "{CC20E687-937B-4563-8056-CA361239C434}"
EndProject
Project("{9A19103F-16F7-4668-BE54-9A1E7A4F7556}") = "Example.Study.Solid.LSP.Violacao", "Example.Study.Solid.LSP.Violacao\Example.Study.Solid.LSP.Violacao.csproj", "{583E239B-CDC0-48C3-9EE7-DA4BC851DF5B}"
EndProject
Project("{9A19103F-16F7-4668-BE54-9A1E7A4F7556}") = "Example.Study.Solid.LSP.Solucao", "Example.Study.Solid.LSP.Solucao\Example.Study.Solid.LSP.Solucao.csproj", "{6C475010-0A6C-4D01-BC6E-01AC908D1B06}"
EndProject
Project("{2150E333-8FDC-42A3-9474-1A3956D46DE8}") = "04 - ISP", "04 - ISP", "{430DD218-B06E-4659-89D0-656525A559EC}"
EndProject
Project("{FAE04EC0-301F-11D3-BF4B-00C04F79EFBC}") = "Example.Study.Solid.ISP.Violacao", "Example.Study.Solid.ISP.Violacao\Example.Study.Solid.ISP.Violacao.csproj", "{6B82C230-5F71-4710-8FC7-61F691D1D710}"
EndProject
Project("{FAE04EC0-301F-11D3-BF4B-00C04F79EFBC}") = "Example.Study.Solid.ISP.Solucao", "Example.Study.Solid.ISP.Solucao\Example.Study.Solid.ISP.Solucao.csproj", "{14F43926-61FF-46E3-8FD8-3949CDD334E7}"
EndProject
Project("{2150E333-8FDC-42A3-9474-1A3956D46DE8}") = "05 - DIP", "05 - DIP", "{F672C4F3-15F0-4CEC-A4F1-40719016B3FD}"
EndProject
Project("{FAE04EC0-301F-11D3-BF4B-00C04F79EFBC}") = "Example.Study.Solid.DIP.Violacao", "Example.Study.Solid.DIP.Violacao\Example.Study.Solid.DIP.Violacao.csproj", "{B1FFF3DD-E10D-4684-820C-95BF10351106}"
EndProject
Project("{FAE04EC0-301F-11D3-BF4B-00C04F79EFBC}") = "Example.Study.Solid.DIP.Solucao", "Example.Study.Solid.DIP.Solucao\Example.Study.Solid.DIP.Solucao.csproj", "{3466CA85-1A56-4105-979E-6FD7E5CD7C16}"
EndProject
Global
	GlobalSection(SolutionConfigurationPlatforms) = preSolution
		Debug|Any CPU = Debug|Any CPU
		Release|Any CPU = Release|Any CPU
	EndGlobalSection
	GlobalSection(ProjectConfigurationPlatforms) = postSolution
		{C7E41096-E6BE-444C-BDF0-B03682430F17}.Debug|Any CPU.ActiveCfg = Debug|Any CPU
		{C7E41096-E6BE-444C-BDF0-B03682430F17}.Debug|Any CPU.Build.0 = Debug|Any CPU
		{C7E41096-E6BE-444C-BDF0-B03682430F17}.Release|Any CPU.ActiveCfg = Release|Any CPU
		{C7E41096-E6BE-444C-BDF0-B03682430F17}.Release|Any CPU.Build.0 = Release|Any CPU
		{3CEF7843-E5E6-411D-B4FD-2F9C7ABC569B}.Debug|Any CPU.ActiveCfg = Debug|Any CPU
		{3CEF7843-E5E6-411D-B4FD-2F9C7ABC569B}.Debug|Any CPU.Build.0 = Debug|Any CPU
		{3CEF7843-E5E6-411D-B4FD-2F9C7ABC569B}.Release|Any CPU.ActiveCfg = Release|Any CPU
		{3CEF7843-E5E6-411D-B4FD-2F9C7ABC569B}.Release|Any CPU.Build.0 = Release|Any CPU
		{578A4574-B8F8-477F-ACB3-DEC6C74FF9B4}.Debug|Any CPU.ActiveCfg = Debug|Any CPU
		{578A4574-B8F8-477F-ACB3-DEC6C74FF9B4}.Debug|Any CPU.Build.0 = Debug|Any CPU
		{578A4574-B8F8-477F-ACB3-DEC6C74FF9B4}.Release|Any CPU.ActiveCfg = Release|Any CPU
		{578A4574-B8F8-477F-ACB3-DEC6C74FF9B4}.Release|Any CPU.Build.0 = Release|Any CPU
		{3AB811C9-6A19-4BC5-A741-896E067218A5}.Debug|Any CPU.ActiveCfg = Debug|Any CPU
		{3AB811C9-6A19-4BC5-A741-896E067218A5}.Debug|Any CPU.Build.0 = Debug|Any CPU
		{3AB811C9-6A19-4BC5-A741-896E067218A5}.Release|Any CPU.ActiveCfg = Release|Any CPU
		{3AB811C9-6A19-4BC5-A741-896E067218A5}.Release|Any CPU.Build.0 = Release|Any CPU
		{2C514288-0DE6-49D9-A145-94CAAA9AC732}.Debug|Any CPU.ActiveCfg = Debug|Any CPU
		{2C514288-0DE6-49D9-A145-94CAAA9AC732}.Debug|Any CPU.Build.0 = Debug|Any CPU
		{2C514288-0DE6-49D9-A145-94CAAA9AC732}.Release|Any CPU.ActiveCfg = Release|Any CPU
		{2C514288-0DE6-49D9-A145-94CAAA9AC732}.Release|Any CPU.Build.0 = Release|Any CPU
		{583E239B-CDC0-48C3-9EE7-DA4BC851DF5B}.Debug|Any CPU.ActiveCfg = Debug|Any CPU
		{583E239B-CDC0-48C3-9EE7-DA4BC851DF5B}.Debug|Any CPU.Build.0 = Debug|Any CPU
		{583E239B-CDC0-48C3-9EE7-DA4BC851DF5B}.Release|Any CPU.ActiveCfg = Release|Any CPU
		{583E239B-CDC0-48C3-9EE7-DA4BC851DF5B}.Release|Any CPU.Build.0 = Release|Any CPU
		{6C475010-0A6C-4D01-BC6E-01AC908D1B06}.Debug|Any CPU.ActiveCfg = Debug|Any CPU
		{6C475010-0A6C-4D01-BC6E-01AC908D1B06}.Debug|Any CPU.Build.0 = Debug|Any CPU
		{6C475010-0A6C-4D01-BC6E-01AC908D1B06}.Release|Any CPU.ActiveCfg = Release|Any CPU
		{6C475010-0A6C-4D01-BC6E-01AC908D1B06}.Release|Any CPU.Build.0 = Release|Any CPU
		{6B82C230-5F71-4710-8FC7-61F691D1D710}.Debug|Any CPU.ActiveCfg = Debug|Any CPU
		{6B82C230-5F71-4710-8FC7-61F691D1D710}.Debug|Any CPU.Build.0 = Debug|Any CPU
		{6B82C230-5F71-4710-8FC7-61F691D1D710}.Release|Any CPU.ActiveCfg = Release|Any CPU
		{6B82C230-5F71-4710-8FC7-61F691D1D710}.Release|Any CPU.Build.0 = Release|Any CPU
		{14F43926-61FF-46E3-8FD8-3949CDD334E7}.Debug|Any CPU.ActiveCfg = Debug|Any CPU
		{14F43926-61FF-46E3-8FD8-3949CDD334E7}.Debug|Any CPU.Build.0 = Debug|Any CPU
		{14F43926-61FF-46E3-8FD8-3949CDD334E7}.Release|Any CPU.ActiveCfg = Release|Any CPU
		{14F43926-61FF-46E3-8FD8-3949CDD334E7}.Release|Any CPU.Build.0 = Release|Any CPU
		{B1FFF3DD-E10D-4684-820C-95BF10351106}.Debug|Any CPU.ActiveCfg = Debug|Any CPU
		{B1FFF3DD-E10D-4684-820C-95BF10351106}.Debug|Any CPU.Build.0 = Debug|Any CPU
		{B1FFF3DD-E10D-4684-820C-95BF10351106}.Release|Any CPU.ActiveCfg = Release|Any CPU
		{B1FFF3DD-E10D-4684-820C-95BF10351106}.Release|Any CPU.Build.0 = Release|Any CPU
		{3466CA85-1A56-4105-979E-6FD7E5CD7C16}.Debug|Any CPU.ActiveCfg = Debug|Any CPU
		{3466CA85-1A56-4105-979E-6FD7E5CD7C16}.Debug|Any CPU.Build.0 = Debug|Any CPU
		{3466CA85-1A56-4105-979E-6FD7E5CD7C16}.Release|Any CPU.ActiveCfg = Release|Any CPU
		{3466CA85-1A56-4105-979E-6FD7E5CD7C16}.Release|Any CPU.Build.0 = Release|Any CPU
	EndGlobalSection
	GlobalSection(SolutionProperties) = preSolution
		HideSolutionNode = FALSE
	EndGlobalSection
	GlobalSection(NestedProjects) = preSolution
		{C7E41096-E6BE-444C-BDF0-B03682430F17} = {1E1C30F1-3B24-4DDB-A996-44AA822880F2}
		{3CEF7843-E5E6-411D-B4FD-2F9C7ABC569B} = {1E1C30F1-3B24-4DDB-A996-44AA822880F2}
		{578A4574-B8F8-477F-ACB3-DEC6C74FF9B4} = {89DAB745-2B6D-4CC3-A5D4-300603FC0E94}
		{3AB811C9-6A19-4BC5-A741-896E067218A5} = {89DAB745-2B6D-4CC3-A5D4-300603FC0E94}
		{2C514288-0DE6-49D9-A145-94CAAA9AC732} = {89DAB745-2B6D-4CC3-A5D4-300603FC0E94}
		{583E239B-CDC0-48C3-9EE7-DA4BC851DF5B} = {CC20E687-937B-4563-8056-CA361239C434}
		{6C475010-0A6C-4D01-BC6E-01AC908D1B06} = {CC20E687-937B-4563-8056-CA361239C434}
		{6B82C230-5F71-4710-8FC7-61F691D1D710} = {430DD218-B06E-4659-89D0-656525A559EC}
		{14F43926-61FF-46E3-8FD8-3949CDD334E7} = {430DD218-B06E-4659-89D0-656525A559EC}
		{B1FFF3DD-E10D-4684-820C-95BF10351106} = {F672C4F3-15F0-4CEC-A4F1-40719016B3FD}
		{3466CA85-1A56-4105-979E-6FD7E5CD7C16} = {F672C4F3-15F0-4CEC-A4F1-40719016B3FD}
	EndGlobalSection
	GlobalSection(ExtensibilityGlobals) = postSolution
		SolutionGuid = {2248A8A7-946E-4A73-8301-8B4CAF643C11}
	EndGlobalSection
EndGlobal
