
Microsoft Visual Studio Solution File, Format Version 12.00
# Visual Studio Version 17
VisualStudioVersion = 17.5.33424.131
MinimumVisualStudioVersion = 10.0.40219.1
Project("{2150E333-8FDC-42A3-9474-1A3956D46DE8}") = "01 - SRP", "01 - SRP", "{1E1C30F1-3B24-4DDB-A996-44AA822880F2}"
EndProject
Project("{FAE04EC0-301F-11D3-BF4B-00C04F79EFBC}") = "Example.Study.Solid.SRP.Violacao", "Example.Study.Solid.SRP.Violacao\Example.Study.Solid.SRP.Violacao.csproj", "{C7E41096-E6BE-444C-BDF0-B03682430F17}"
EndProject
Project("{FAE04EC0-301F-11D3-BF4B-00C04F79EFBC}") = "Example.Study.Solid.SRP.Solucao", "Example.Study.Solid.SRP.Solucao\Example.Study.Solid.SRP.Solucao.csproj", "{3CEF7843-E5E6-411D-B4FD-2F9C7ABC569B}"
EndProject
Global
	GlobalSection(SolutionConfigurationPlatforms) = preSolution
		Debug|Any CPU = Debug|Any CPU
		Release|Any CPU = Release|Any CPU
	EndGlobalSection
	GlobalSection(ProjectConfigurationPlatforms) = postSolution
		{C7E41096-E6BE-444C-BDF0-B03682430F17}.Debug|Any CPU.ActiveCfg = Debug|Any CPU
		{C7E41096-E6BE-444C-BDF0-B03682430F17}.Debug|Any CPU.Build.0 = Debug|Any CPU
		{C7E41096-E6BE-444C-BDF0-B03682430F17}.Release|Any CPU.ActiveCfg = Release|Any CPU
		{C7E41096-E6BE-444C-BDF0-B03682430F17}.Release|Any CPU.Build.0 = Release|Any CPU
		{3CEF7843-E5E6-411D-B4FD-2F9C7ABC569B}.Debug|Any CPU.ActiveCfg = Debug|Any CPU
		{3CEF7843-E5E6-411D-B4FD-2F9C7ABC569B}.Debug|Any CPU.Build.0 = Debug|Any CPU
		{3CEF7843-E5E6-411D-B4FD-2F9C7ABC569B}.Release|Any CPU.ActiveCfg = Release|Any CPU
		{3CEF7843-E5E6-411D-B4FD-2F9C7ABC569B}.Release|Any CPU.Build.0 = Release|Any CPU
	EndGlobalSection
	GlobalSection(SolutionProperties) = preSolution
		HideSolutionNode = FALSE
	EndGlobalSection
	GlobalSection(NestedProjects) = preSolution
		{C7E41096-E6BE-444C-BDF0-B03682430F17} = {1E1C30F1-3B24-4DDB-A996-44AA822880F2}
		{3CEF7843-E5E6-411D-B4FD-2F9C7ABC569B} = {1E1C30F1-3B24-4DDB-A996-44AA822880F2}
	EndGlobalSection
	GlobalSection(ExtensibilityGlobals) = postSolution
		SolutionGuid = {2248A8A7-946E-4A73-8301-8B4CAF643C11}
	EndGlobalSection
EndGlobal
